
Microsoft Visual Studio Solution File, Format Version 12.00
# Visual Studio Version 16
VisualStudioVersion = 16.0.29215.179
MinimumVisualStudioVersion = 10.0.40219.1
Project("{FAE04EC0-301F-11D3-BF4B-00C04F79EFBC}") = "BTProgressHUD", "BTProgressHUD\BTProgressHUD.csproj", "{8ECDFDC5-42D0-4540-9691-830EEB2ED874}"
EndProject
Project("{FAE04EC0-301F-11D3-BF4B-00C04F79EFBC}") = "BTProgressHUDDemo", "samples\BTProgressHUDSample\BTProgressHUDSample\BTProgressHUDDemo.csproj", "{620134FD-4E54-4459-8E18-8B6E1C8A2274}"
EndProject
Project("{FAE04EC0-301F-11D3-BF4B-00C04F79EFBC}") = "BTProgressHUD-TvOS", "BTProgressHUD\BTProgressHUD-TvOS.csproj", "{B1CB8DBE-A580-4835-81D4-6323C50551A3}"
EndProject
Global
	GlobalSection(SolutionConfigurationPlatforms) = preSolution
		Ad-Hoc|Any CPU = Ad-Hoc|Any CPU
		Ad-Hoc|iPhone = Ad-Hoc|iPhone
		Ad-Hoc|iPhoneSimulator = Ad-Hoc|iPhoneSimulator
		AppStore|Any CPU = AppStore|Any CPU
		AppStore|iPhone = AppStore|iPhone
		AppStore|iPhoneSimulator = AppStore|iPhoneSimulator
		Debug|Any CPU = Debug|Any CPU
		Debug|iPhone = Debug|iPhone
		Debug|iPhoneSimulator = Debug|iPhoneSimulator
		Release|Any CPU = Release|Any CPU
		Release|iPhone = Release|iPhone
		Release|iPhoneSimulator = Release|iPhoneSimulator
	EndGlobalSection
	GlobalSection(ProjectConfigurationPlatforms) = postSolution
		{8ECDFDC5-42D0-4540-9691-830EEB2ED874}.Ad-Hoc|Any CPU.ActiveCfg = Debug|Any CPU
		{8ECDFDC5-42D0-4540-9691-830EEB2ED874}.Ad-Hoc|Any CPU.Build.0 = Debug|Any CPU
		{8ECDFDC5-42D0-4540-9691-830EEB2ED874}.Ad-Hoc|iPhone.ActiveCfg = Release|Any CPU
		{8ECDFDC5-42D0-4540-9691-830EEB2ED874}.Ad-Hoc|iPhone.Build.0 = Release|Any CPU
		{8ECDFDC5-42D0-4540-9691-830EEB2ED874}.Ad-Hoc|iPhoneSimulator.ActiveCfg = Debug|Any CPU
		{8ECDFDC5-42D0-4540-9691-830EEB2ED874}.AppStore|Any CPU.ActiveCfg = Debug|Any CPU
		{8ECDFDC5-42D0-4540-9691-830EEB2ED874}.AppStore|Any CPU.Build.0 = Debug|Any CPU
		{8ECDFDC5-42D0-4540-9691-830EEB2ED874}.AppStore|iPhone.ActiveCfg = Release|Any CPU
		{8ECDFDC5-42D0-4540-9691-830EEB2ED874}.AppStore|iPhone.Build.0 = Release|Any CPU
		{8ECDFDC5-42D0-4540-9691-830EEB2ED874}.AppStore|iPhoneSimulator.ActiveCfg = Debug|Any CPU
		{8ECDFDC5-42D0-4540-9691-830EEB2ED874}.Debug|Any CPU.ActiveCfg = Debug|Any CPU
		{8ECDFDC5-42D0-4540-9691-830EEB2ED874}.Debug|Any CPU.Build.0 = Debug|Any CPU
		{8ECDFDC5-42D0-4540-9691-830EEB2ED874}.Debug|iPhone.ActiveCfg = Debug|Any CPU
		{8ECDFDC5-42D0-4540-9691-830EEB2ED874}.Debug|iPhone.Build.0 = Debug|Any CPU
		{8ECDFDC5-42D0-4540-9691-830EEB2ED874}.Debug|iPhoneSimulator.ActiveCfg = Debug|Any CPU
		{8ECDFDC5-42D0-4540-9691-830EEB2ED874}.Debug|iPhoneSimulator.Build.0 = Debug|Any CPU
		{8ECDFDC5-42D0-4540-9691-830EEB2ED874}.Release|Any CPU.ActiveCfg = Release|Any CPU
		{8ECDFDC5-42D0-4540-9691-830EEB2ED874}.Release|Any CPU.Build.0 = Release|Any CPU
		{8ECDFDC5-42D0-4540-9691-830EEB2ED874}.Release|iPhone.ActiveCfg = Release|Any CPU
		{8ECDFDC5-42D0-4540-9691-830EEB2ED874}.Release|iPhone.Build.0 = Release|Any CPU
		{8ECDFDC5-42D0-4540-9691-830EEB2ED874}.Release|iPhoneSimulator.ActiveCfg = Release|Any CPU
		{8ECDFDC5-42D0-4540-9691-830EEB2ED874}.Release|iPhoneSimulator.Build.0 = Release|Any CPU
		{620134FD-4E54-4459-8E18-8B6E1C8A2274}.Ad-Hoc|Any CPU.ActiveCfg = Ad-Hoc|iPhoneSimulator
		{620134FD-4E54-4459-8E18-8B6E1C8A2274}.Ad-Hoc|iPhone.ActiveCfg = Ad-Hoc|iPhone
		{620134FD-4E54-4459-8E18-8B6E1C8A2274}.Ad-Hoc|iPhone.Build.0 = Ad-Hoc|iPhone
		{620134FD-4E54-4459-8E18-8B6E1C8A2274}.Ad-Hoc|iPhoneSimulator.ActiveCfg = Ad-Hoc|iPhoneSimulator
		{620134FD-4E54-4459-8E18-8B6E1C8A2274}.Ad-Hoc|iPhoneSimulator.Build.0 = Ad-Hoc|iPhoneSimulator
		{620134FD-4E54-4459-8E18-8B6E1C8A2274}.AppStore|Any CPU.ActiveCfg = AppStore|iPhoneSimulator
		{620134FD-4E54-4459-8E18-8B6E1C8A2274}.AppStore|iPhone.ActiveCfg = AppStore|iPhone
		{620134FD-4E54-4459-8E18-8B6E1C8A2274}.AppStore|iPhone.Build.0 = AppStore|iPhone
		{620134FD-4E54-4459-8E18-8B6E1C8A2274}.AppStore|iPhoneSimulator.ActiveCfg = AppStore|iPhoneSimulator
		{620134FD-4E54-4459-8E18-8B6E1C8A2274}.AppStore|iPhoneSimulator.Build.0 = AppStore|iPhoneSimulator
		{620134FD-4E54-4459-8E18-8B6E1C8A2274}.Debug|Any CPU.ActiveCfg = Debug|iPhoneSimulator
		{620134FD-4E54-4459-8E18-8B6E1C8A2274}.Debug|iPhone.ActiveCfg = Debug|iPhone
		{620134FD-4E54-4459-8E18-8B6E1C8A2274}.Debug|iPhone.Build.0 = Debug|iPhone
		{620134FD-4E54-4459-8E18-8B6E1C8A2274}.Debug|iPhoneSimulator.ActiveCfg = Debug|iPhoneSimulator
		{620134FD-4E54-4459-8E18-8B6E1C8A2274}.Debug|iPhoneSimulator.Build.0 = Debug|iPhoneSimulator
		{620134FD-4E54-4459-8E18-8B6E1C8A2274}.Release|Any CPU.ActiveCfg = Release|iPhoneSimulator
		{620134FD-4E54-4459-8E18-8B6E1C8A2274}.Release|iPhone.ActiveCfg = Release|iPhone
		{620134FD-4E54-4459-8E18-8B6E1C8A2274}.Release|iPhone.Build.0 = Release|iPhone
		{620134FD-4E54-4459-8E18-8B6E1C8A2274}.Release|iPhoneSimulator.ActiveCfg = Release|iPhoneSimulator
		{620134FD-4E54-4459-8E18-8B6E1C8A2274}.Release|iPhoneSimulator.Build.0 = Release|iPhoneSimulator
		{B1CB8DBE-A580-4835-81D4-6323C50551A3}.Ad-Hoc|Any CPU.ActiveCfg = Release|Any CPU
		{B1CB8DBE-A580-4835-81D4-6323C50551A3}.Ad-Hoc|Any CPU.Build.0 = Release|Any CPU
		{B1CB8DBE-A580-4835-81D4-6323C50551A3}.Ad-Hoc|iPhone.ActiveCfg = Release|Any CPU
		{B1CB8DBE-A580-4835-81D4-6323C50551A3}.Ad-Hoc|iPhone.Build.0 = Release|Any CPU
		{B1CB8DBE-A580-4835-81D4-6323C50551A3}.Ad-Hoc|iPhoneSimulator.ActiveCfg = Release|Any CPU
		{B1CB8DBE-A580-4835-81D4-6323C50551A3}.Ad-Hoc|iPhoneSimulator.Build.0 = Release|Any CPU
		{B1CB8DBE-A580-4835-81D4-6323C50551A3}.AppStore|Any CPU.ActiveCfg = Release|Any CPU
		{B1CB8DBE-A580-4835-81D4-6323C50551A3}.AppStore|Any CPU.Build.0 = Release|Any CPU
		{B1CB8DBE-A580-4835-81D4-6323C50551A3}.AppStore|iPhone.ActiveCfg = Release|Any CPU
		{B1CB8DBE-A580-4835-81D4-6323C50551A3}.AppStore|iPhone.Build.0 = Release|Any CPU
		{B1CB8DBE-A580-4835-81D4-6323C50551A3}.AppStore|iPhoneSimulator.ActiveCfg = Release|Any CPU
		{B1CB8DBE-A580-4835-81D4-6323C50551A3}.AppStore|iPhoneSimulator.Build.0 = Release|Any CPU
		{B1CB8DBE-A580-4835-81D4-6323C50551A3}.Debug|Any CPU.ActiveCfg = Debug|Any CPU
		{B1CB8DBE-A580-4835-81D4-6323C50551A3}.Debug|Any CPU.Build.0 = Debug|Any CPU
		{B1CB8DBE-A580-4835-81D4-6323C50551A3}.Debug|iPhone.ActiveCfg = Debug|Any CPU
		{B1CB8DBE-A580-4835-81D4-6323C50551A3}.Debug|iPhone.Build.0 = Debug|Any CPU
		{B1CB8DBE-A580-4835-81D4-6323C50551A3}.Debug|iPhoneSimulator.ActiveCfg = Debug|Any CPU
		{B1CB8DBE-A580-4835-81D4-6323C50551A3}.Debug|iPhoneSimulator.Build.0 = Debug|Any CPU
		{B1CB8DBE-A580-4835-81D4-6323C50551A3}.Release|Any CPU.ActiveCfg = Release|Any CPU
		{B1CB8DBE-A580-4835-81D4-6323C50551A3}.Release|Any CPU.Build.0 = Release|Any CPU
		{B1CB8DBE-A580-4835-81D4-6323C50551A3}.Release|iPhone.ActiveCfg = Release|Any CPU
		{B1CB8DBE-A580-4835-81D4-6323C50551A3}.Release|iPhone.Build.0 = Release|Any CPU
		{B1CB8DBE-A580-4835-81D4-6323C50551A3}.Release|iPhoneSimulator.ActiveCfg = Release|Any CPU
		{B1CB8DBE-A580-4835-81D4-6323C50551A3}.Release|iPhoneSimulator.Build.0 = Release|Any CPU
	EndGlobalSection
	GlobalSection(SolutionProperties) = preSolution
		HideSolutionNode = FALSE
	EndGlobalSection
	GlobalSection(ExtensibilityGlobals) = postSolution
		SolutionGuid = {0487E650-63B4-41B6-8C0E-F9F2E0CF5FB5}
	EndGlobalSection
EndGlobal
